
Microsoft Visual Studio Solution File, Format Version 12.00
# Visual Studio Version 17
VisualStudioVersion = 17.6.33815.320
MinimumVisualStudioVersion = 10.0.40219.1
Project("{8BC9CEB8-8B4A-11D0-8D11-00A0C91BC942}") = "NRS_MAP1_getItem_shortestDistance", "NRS_MAP1_getItem_shortestDistance\NRS_MAP1_getItem_shortestDistance.vcxproj", "{16E01308-4BE9-40A4-BADB-E080AEABAF30}"
EndProject
Global
	GlobalSection(SolutionConfigurationPlatforms) = preSolution
		Debug|x64 = Debug|x64
		Debug|x86 = Debug|x86
		Release|x64 = Release|x64
		Release|x86 = Release|x86
	EndGlobalSection
	GlobalSection(ProjectConfigurationPlatforms) = postSolution
		{16E01308-4BE9-40A4-BADB-E080AEABAF30}.Debug|x64.ActiveCfg = Debug|x64
		{16E01308-4BE9-40A4-BADB-E080AEABAF30}.Debug|x64.Build.0 = Debug|x64
		{16E01308-4BE9-40A4-BADB-E080AEABAF30}.Debug|x86.ActiveCfg = Debug|Win32
		{16E01308-4BE9-40A4-BADB-E080AEABAF30}.Debug|x86.Build.0 = Debug|Win32
		{16E01308-4BE9-40A4-BADB-E080AEABAF30}.Release|x64.ActiveCfg = Release|x64
		{16E01308-4BE9-40A4-BADB-E080AEABAF30}.Release|x64.Build.0 = Release|x64
		{16E01308-4BE9-40A4-BADB-E080AEABAF30}.Release|x86.ActiveCfg = Release|Win32
		{16E01308-4BE9-40A4-BADB-E080AEABAF30}.Release|x86.Build.0 = Release|Win32
	EndGlobalSection
	GlobalSection(SolutionProperties) = preSolution
		HideSolutionNode = FALSE
	EndGlobalSection
	GlobalSection(ExtensibilityGlobals) = postSolution
		SolutionGuid = {14675A0C-CAD7-4D97-BC23-07C694DD1C62}
	EndGlobalSection
EndGlobal
